// !$*UTF8*$!
{
	archiveVersion = 1;
	classes = {
	};
	objectVersion = 56;
	objects = {

/* Begin PBXBuildFile section */
		B67F06502A97C11B00591789 /* AudioAction.swift in Sources */ = {isa = PBXBuildFile; fileRef = B67F064F2A97C11B00591789 /* AudioAction.swift */; };
		B67F06522A97C5D800591789 /* completed.m4a in Resources */ = {isa = PBXBuildFile; fileRef = B67F06512A97C49400591789 /* completed.m4a */; };
		B67F06552A97F55700591789 /* QuizMaster.swift in Sources */ = {isa = PBXBuildFile; fileRef = B67F06542A97F55700591789 /* QuizMaster.swift */; };
		B67F06572A97FC4500591789 /* correct.m4a in Resources */ = {isa = PBXBuildFile; fileRef = B67F06562A97FC3900591789 /* correct.m4a */; };
		B67F06592A9BB40C00591789 /* AnswerStatus.swift in Sources */ = {isa = PBXBuildFile; fileRef = B67F06582A9BB40C00591789 /* AnswerStatus.swift */; };
		B67F065B2A9BB42500591789 /* Question.swift in Sources */ = {isa = PBXBuildFile; fileRef = B67F065A2A9BB42500591789 /* Question.swift */; };
		B67F065D2A9BB44400591789 /* AudioQuestion.swift in Sources */ = {isa = PBXBuildFile; fileRef = B67F065C2A9BB44400591789 /* AudioQuestion.swift */; };
		B67F065F2A9BB46700591789 /* VisualQuestion.swift in Sources */ = {isa = PBXBuildFile; fileRef = B67F065E2A9BB46700591789 /* VisualQuestion.swift */; };
		B6C37E422A341CF5004D18A8 /* AppDelegate.swift in Sources */ = {isa = PBXBuildFile; fileRef = B6C37E412A341CF5004D18A8 /* AppDelegate.swift */; };
		B6C37E442A341CF5004D18A8 /* SceneDelegate.swift in Sources */ = {isa = PBXBuildFile; fileRef = B6C37E432A341CF5004D18A8 /* SceneDelegate.swift */; };
		B6C37E462A341CF5004D18A8 /* ViewController.swift in Sources */ = {isa = PBXBuildFile; fileRef = B6C37E452A341CF5004D18A8 /* ViewController.swift */; };
		B6C37E492A341CF5004D18A8 /* Main.storyboard in Resources */ = {isa = PBXBuildFile; fileRef = B6C37E472A341CF5004D18A8 /* Main.storyboard */; };
		B6C37E4B2A341CF6004D18A8 /* Assets.xcassets in Resources */ = {isa = PBXBuildFile; fileRef = B6C37E4A2A341CF6004D18A8 /* Assets.xcassets */; };
		B6C37E4E2A341CF6004D18A8 /* LaunchScreen.storyboard in Resources */ = {isa = PBXBuildFile; fileRef = B6C37E4C2A341CF6004D18A8 /* LaunchScreen.storyboard */; };
		B6C37E592A341CF7004D18A8 /* LemonTests.swift in Sources */ = {isa = PBXBuildFile; fileRef = B6C37E582A341CF7004D18A8 /* LemonTests.swift */; };
		B6C37E632A341CF7004D18A8 /* LemonUITests.swift in Sources */ = {isa = PBXBuildFile; fileRef = B6C37E622A341CF7004D18A8 /* LemonUITests.swift */; };
		B6C37E652A341CF7004D18A8 /* LemonUITestsLaunchTests.swift in Sources */ = {isa = PBXBuildFile; fileRef = B6C37E642A341CF7004D18A8 /* LemonUITestsLaunchTests.swift */; };
		B6C37E792A351CFA004D18A8 /* SpeechSynthesizer.swift in Sources */ = {isa = PBXBuildFile; fileRef = B6C37E782A351CFA004D18A8 /* SpeechSynthesizer.swift */; };
		B6C37E7C2A3524D8004D18A8 /* SpeechRecognizer.swift in Sources */ = {isa = PBXBuildFile; fileRef = B6C37E7B2A3524D8004D18A8 /* SpeechRecognizer.swift */; };
		B6C37E802A3525DF004D18A8 /* SFSpeechRecognizer.swift in Sources */ = {isa = PBXBuildFile; fileRef = B6C37E7F2A3525DF004D18A8 /* SFSpeechRecognizer.swift */; };
		B6C37E822A3525F4004D18A8 /* AVAudioSession.swift in Sources */ = {isa = PBXBuildFile; fileRef = B6C37E812A3525F4004D18A8 /* AVAudioSession.swift */; };
		B6C37E862A353854004D18A8 /* AudioSessionManager.swift in Sources */ = {isa = PBXBuildFile; fileRef = B6C37E852A353854004D18A8 /* AudioSessionManager.swift */; };
		B6C37ECF2A396B56004D18A8 /* CaptureSession.swift in Sources */ = {isa = PBXBuildFile; fileRef = B6C37ECE2A396B56004D18A8 /* CaptureSession.swift */; };
		B6C37ED12A396B71004D18A8 /* CaptureDelegate.swift in Sources */ = {isa = PBXBuildFile; fileRef = B6C37ED02A396B71004D18A8 /* CaptureDelegate.swift */; };
		B6C37ED42A396D9A004D18A8 /* CGRect.swift in Sources */ = {isa = PBXBuildFile; fileRef = B6C37ED32A396D9A004D18A8 /* CGRect.swift */; };
		B6C37ED72A3973A2004D18A8 /* TagmataDetector.swift in Sources */ = {isa = PBXBuildFile; fileRef = B6C37ED62A3973A2004D18A8 /* TagmataDetector.swift */; };
		B6C37EDD2A397950004D18A8 /* PredictionBoxView.swift in Sources */ = {isa = PBXBuildFile; fileRef = B6C37EDC2A397950004D18A8 /* PredictionBoxView.swift */; };
		B6C37EDF2A397C9C004D18A8 /* TagmataDetectionDelegate.swift in Sources */ = {isa = PBXBuildFile; fileRef = B6C37EDE2A397C9B004D18A8 /* TagmataDetectionDelegate.swift */; };
		B6C37EE32A399D7E004D18A8 /* TagmataDetection.swift in Sources */ = {isa = PBXBuildFile; fileRef = B6C37EE22A399D7E004D18A8 /* TagmataDetection.swift */; };
		B6C37EE52A399EE1004D18A8 /* Math.swift in Sources */ = {isa = PBXBuildFile; fileRef = B6C37EE42A399EE1004D18A8 /* Math.swift */; };
		B6C37EE72A399F30004D18A8 /* Float.swift in Sources */ = {isa = PBXBuildFile; fileRef = B6C37EE62A399F30004D18A8 /* Float.swift */; };
		B6C37EE92A399F44004D18A8 /* Double.swift in Sources */ = {isa = PBXBuildFile; fileRef = B6C37EE82A399F44004D18A8 /* Double.swift */; };
		B6C37EEB2A39A1B9004D18A8 /* LemonButton.swift in Sources */ = {isa = PBXBuildFile; fileRef = B6C37EEA2A39A1B9004D18A8 /* LemonButton.swift */; };
		B6C37EED2A39AF22004D18A8 /* LemonText.swift in Sources */ = {isa = PBXBuildFile; fileRef = B6C37EEC2A39AF22004D18A8 /* LemonText.swift */; };
		B6C37EEF2A39B137004D18A8 /* LemonVStack.swift in Sources */ = {isa = PBXBuildFile; fileRef = B6C37EEE2A39B137004D18A8 /* LemonVStack.swift */; };
		B6C37EF12A39B308004D18A8 /* LemonUIView.swift in Sources */ = {isa = PBXBuildFile; fileRef = B6C37EF02A39B308004D18A8 /* LemonUIView.swift */; };
		B6C37EF32A39B5BF004D18A8 /* LemonImage.swift in Sources */ = {isa = PBXBuildFile; fileRef = B6C37EF22A39B5BF004D18A8 /* LemonImage.swift */; };
		B6C37EF52A39BAB3004D18A8 /* LemonView.swift in Sources */ = {isa = PBXBuildFile; fileRef = B6C37EF42A39BAB3004D18A8 /* LemonView.swift */; };
		B6D461CB2A4538CF0002CEEC /* LiveSpeechToTextDelegate.swift in Sources */ = {isa = PBXBuildFile; fileRef = B6D461CA2A4538CF0002CEEC /* LiveSpeechToTextDelegate.swift */; };
		B6D461CD2A4539C00002CEEC /* SpeechText.swift in Sources */ = {isa = PBXBuildFile; fileRef = B6D461CC2A4539C00002CEEC /* SpeechText.swift */; };
		B6D461D72A4B65EF0002CEEC /* TagmataDetector1_2000.mlmodel in Sources */ = {isa = PBXBuildFile; fileRef = B6D461D42A4B65EF0002CEEC /* TagmataDetector1_2000.mlmodel */; };
		B6D461D82A4B65EF0002CEEC /* TagmataDetector4_3910.mlmodel in Sources */ = {isa = PBXBuildFile; fileRef = B6D461D52A4B65EF0002CEEC /* TagmataDetector4_3910.mlmodel */; };
		B6D461D92A4B65EF0002CEEC /* TagmataDetector4_6000.mlmodel in Sources */ = {isa = PBXBuildFile; fileRef = B6D461D62A4B65EF0002CEEC /* TagmataDetector4_6000.mlmodel */; };
		B6D461DB2A4D2AC40002CEEC /* TagmataDetectionOutcome.swift in Sources */ = {isa = PBXBuildFile; fileRef = B6D461DA2A4D2AC40002CEEC /* TagmataDetectionOutcome.swift */; };
		B6D461DF2A4D61950002CEEC /* CGPoint.swift in Sources */ = {isa = PBXBuildFile; fileRef = B6D461DE2A4D61950002CEEC /* CGPoint.swift */; };
		B6D461E12A4D63330002CEEC /* TagmataQuadrantDetector.swift in Sources */ = {isa = PBXBuildFile; fileRef = B6D461E02A4D63330002CEEC /* TagmataQuadrantDetector.swift */; };
		B6D461E32A4D63FA0002CEEC /* DetectorID.swift in Sources */ = {isa = PBXBuildFile; fileRef = B6D461E22A4D63FA0002CEEC /* DetectorID.swift */; };
		B6D461E72A4DD14D0002CEEC /* LemonSlider.swift in Sources */ = {isa = PBXBuildFile; fileRef = B6D461E62A4DD14D0002CEEC /* LemonSlider.swift */; };
		B6D461E92A4DDA550002CEEC /* LemonLabelledSlider.swift in Sources */ = {isa = PBXBuildFile; fileRef = B6D461E82A4DDA550002CEEC /* LemonLabelledSlider.swift */; };
		B6D461EB2A4DDC760002CEEC /* LemonHStack.swift in Sources */ = {isa = PBXBuildFile; fileRef = B6D461EA2A4DDC760002CEEC /* LemonHStack.swift */; };
		B6D461ED2A4DE0910002CEEC /* LemonViewObserver.swift in Sources */ = {isa = PBXBuildFile; fileRef = B6D461EC2A4DE0910002CEEC /* LemonViewObserver.swift */; };
		B6D461EF2A4DF11E0002CEEC /* LemonSwitch.swift in Sources */ = {isa = PBXBuildFile; fileRef = B6D461EE2A4DF11E0002CEEC /* LemonSwitch.swift */; };
		B6D461F12A4E6EBF0002CEEC /* DetectsTagmata.swift in Sources */ = {isa = PBXBuildFile; fileRef = B6D461F02A4E6EBF0002CEEC /* DetectsTagmata.swift */; };
		B6D461F32A4E74A00002CEEC /* CGFloat.swift in Sources */ = {isa = PBXBuildFile; fileRef = B6D461F22A4E74A00002CEEC /* CGFloat.swift */; };
		B6D461F62A4F163A0002CEEC /* Environment.swift in Sources */ = {isa = PBXBuildFile; fileRef = B6D461F52A4F163A0002CEEC /* Environment.swift */; };
		B6D461F82A4F18D60002CEEC /* LemonLabelledSwitch.swift in Sources */ = {isa = PBXBuildFile; fileRef = B6D461F72A4F18D60002CEEC /* LemonLabelledSwitch.swift */; };
		B6D472482A5714EB0002CEEC /* WrapsToZero.swift in Sources */ = {isa = PBXBuildFile; fileRef = B6D472472A5714EB0002CEEC /* WrapsToZero.swift */; };
		B6D4724A2A5719A70002CEEC /* DetectionCompiler.swift in Sources */ = {isa = PBXBuildFile; fileRef = B6D472492A5719A70002CEEC /* DetectionCompiler.swift */; };
		B6D4724D2A5724E40002CEEC /* Localizable.strings in Resources */ = {isa = PBXBuildFile; fileRef = B6D4724C2A5724E40002CEEC /* Localizable.strings */; };
		B6D472502A5747780002CEEC /* HandDetector.swift in Sources */ = {isa = PBXBuildFile; fileRef = B6D4724F2A5747780002CEEC /* HandDetector.swift */; };
		B6D472522A57485D0002CEEC /* JointPosition.swift in Sources */ = {isa = PBXBuildFile; fileRef = B6D472512A57485D0002CEEC /* JointPosition.swift */; };
		B6D472542A5748710002CEEC /* HandDetection.swift in Sources */ = {isa = PBXBuildFile; fileRef = B6D472532A5748710002CEEC /* HandDetection.swift */; };
		B6D472562A57489A0002CEEC /* HandDetectionOutcome.swift in Sources */ = {isa = PBXBuildFile; fileRef = B6D472552A57489A0002CEEC /* HandDetectionOutcome.swift */; };
		B6D472582A574A800002CEEC /* HandDetectionDelegate.swift in Sources */ = {isa = PBXBuildFile; fileRef = B6D472572A574A800002CEEC /* HandDetectionDelegate.swift */; };
		B6D4725A2A574BF30002CEEC /* JointPositionsView.swift in Sources */ = {isa = PBXBuildFile; fileRef = B6D472592A574BF30002CEEC /* JointPositionsView.swift */; };
		B6D472622A576BB20002CEEC /* Array.swift in Sources */ = {isa = PBXBuildFile; fileRef = B6D472612A576BB20002CEEC /* Array.swift */; };
		B6D472642A5777470002CEEC /* ProximityView.swift in Sources */ = {isa = PBXBuildFile; fileRef = B6D472632A5777470002CEEC /* ProximityView.swift */; };
		B6D472662A5785210002CEEC /* Strings.swift in Sources */ = {isa = PBXBuildFile; fileRef = B6D472652A5785210002CEEC /* Strings.swift */; };
		B6D472682A57B6FF0002CEEC /* TagmataDetector5_5000.mlmodel in Sources */ = {isa = PBXBuildFile; fileRef = B6D472672A57B6FF0002CEEC /* TagmataDetector5_5000.mlmodel */; };
		B6D4726F2A5962770002CEEC /* CompiledResults.swift in Sources */ = {isa = PBXBuildFile; fileRef = B6D4726E2A5962770002CEEC /* CompiledResults.swift */; };
		B6D472712A597D1C0002CEEC /* AnglesView.swift in Sources */ = {isa = PBXBuildFile; fileRef = B6D472702A597D1C0002CEEC /* AnglesView.swift */; };
		B6D472752A5FA6C30002CEEC /* LemonIconButton.swift in Sources */ = {isa = PBXBuildFile; fileRef = B6D472742A5FA6C30002CEEC /* LemonIconButton.swift */; };
		B6D472772A5FCDB20002CEEC /* HandDetector2_70.mlmodel in Sources */ = {isa = PBXBuildFile; fileRef = B6D472762A5FCDB20002CEEC /* HandDetector2_70.mlmodel */; };
		B6D472792A608CA10002CEEC /* HandChirality.swift in Sources */ = {isa = PBXBuildFile; fileRef = B6D472782A608CA10002CEEC /* HandChirality.swift */; };
		B6D4727B2A608EA60002CEEC /* HandClassification.swift in Sources */ = {isa = PBXBuildFile; fileRef = B6D4727A2A608EA60002CEEC /* HandClassification.swift */; };
		B6D472802A60A3BA0002CEEC /* HandClassificationView.swift in Sources */ = {isa = PBXBuildFile; fileRef = B6D4727F2A60A3BA0002CEEC /* HandClassificationView.swift */; };
		B6D472862A64E6DF0002CEEC /* Angle.swift in Sources */ = {isa = PBXBuildFile; fileRef = B6D472852A64E6DF0002CEEC /* Angle.swift */; };
		B6DC100E2A6A2A3500C10100 /* Command.swift in Sources */ = {isa = PBXBuildFile; fileRef = B6DC100D2A6A2A3500C10100 /* Command.swift */; };
		B6DC10132A712CD300C10100 /* AudioPlayer.swift in Sources */ = {isa = PBXBuildFile; fileRef = B6DC10122A712CD300C10100 /* AudioPlayer.swift */; };
		B6DC10142A712F5800C10100 /* wings.m4a in Resources */ = {isa = PBXBuildFile; fileRef = B6DC10112A712CB500C10100 /* wings.m4a */; };
		B6DC10162A71336300C10100 /* AudioRecorder.swift in Sources */ = {isa = PBXBuildFile; fileRef = B6DC10152A71336300C10100 /* AudioRecorder.swift */; };
		B6DC101A2A7353E400C10100 /* thorax.m4a in Resources */ = {isa = PBXBuildFile; fileRef = B6DC10172A7353E400C10100 /* thorax.m4a */; };
		B6DC101B2A7353E400C10100 /* abdomen.m4a in Resources */ = {isa = PBXBuildFile; fileRef = B6DC10182A7353E400C10100 /* abdomen.m4a */; };
		B6DC101C2A7353E400C10100 /* head.m4a in Resources */ = {isa = PBXBuildFile; fileRef = B6DC10192A7353E400C10100 /* head.m4a */; };
		B6FD174F2A416DBB003EDD5F /* TagmataClassification.swift in Sources */ = {isa = PBXBuildFile; fileRef = B6FD174E2A416DBB003EDD5F /* TagmataClassification.swift */; };
/* End PBXBuildFile section */

/* Begin PBXContainerItemProxy section */
		B6C37E552A341CF7004D18A8 /* PBXContainerItemProxy */ = {
			isa = PBXContainerItemProxy;
			containerPortal = B6C37E362A341CF5004D18A8 /* Project object */;
			proxyType = 1;
			remoteGlobalIDString = B6C37E3D2A341CF5004D18A8;
			remoteInfo = Lemon;
		};
		B6C37E5F2A341CF7004D18A8 /* PBXContainerItemProxy */ = {
			isa = PBXContainerItemProxy;
			containerPortal = B6C37E362A341CF5004D18A8 /* Project object */;
			proxyType = 1;
			remoteGlobalIDString = B6C37E3D2A341CF5004D18A8;
			remoteInfo = Lemon;
		};
/* End PBXContainerItemProxy section */

/* Begin PBXFileReference section */
		B67F064F2A97C11B00591789 /* AudioAction.swift */ = {isa = PBXFileReference; lastKnownFileType = sourcecode.swift; path = AudioAction.swift; sourceTree = "<group>"; };
		B67F06512A97C49400591789 /* completed.m4a */ = {isa = PBXFileReference; lastKnownFileType = file; path = completed.m4a; sourceTree = "<group>"; };
		B67F06542A97F55700591789 /* QuizMaster.swift */ = {isa = PBXFileReference; lastKnownFileType = sourcecode.swift; path = QuizMaster.swift; sourceTree = "<group>"; };
		B67F06562A97FC3900591789 /* correct.m4a */ = {isa = PBXFileReference; lastKnownFileType = file; path = correct.m4a; sourceTree = "<group>"; };
		B67F06582A9BB40C00591789 /* AnswerStatus.swift */ = {isa = PBXFileReference; lastKnownFileType = sourcecode.swift; path = AnswerStatus.swift; sourceTree = "<group>"; };
		B67F065A2A9BB42500591789 /* Question.swift */ = {isa = PBXFileReference; lastKnownFileType = sourcecode.swift; path = Question.swift; sourceTree = "<group>"; };
		B67F065C2A9BB44400591789 /* AudioQuestion.swift */ = {isa = PBXFileReference; lastKnownFileType = sourcecode.swift; path = AudioQuestion.swift; sourceTree = "<group>"; };
		B67F065E2A9BB46700591789 /* VisualQuestion.swift */ = {isa = PBXFileReference; lastKnownFileType = sourcecode.swift; path = VisualQuestion.swift; sourceTree = "<group>"; };
		B6C37E3E2A341CF5004D18A8 /* Lemon.app */ = {isa = PBXFileReference; explicitFileType = wrapper.application; includeInIndex = 0; path = Lemon.app; sourceTree = BUILT_PRODUCTS_DIR; };
		B6C37E412A341CF5004D18A8 /* AppDelegate.swift */ = {isa = PBXFileReference; lastKnownFileType = sourcecode.swift; path = AppDelegate.swift; sourceTree = "<group>"; };
		B6C37E432A341CF5004D18A8 /* SceneDelegate.swift */ = {isa = PBXFileReference; lastKnownFileType = sourcecode.swift; path = SceneDelegate.swift; sourceTree = "<group>"; };
		B6C37E452A341CF5004D18A8 /* ViewController.swift */ = {isa = PBXFileReference; lastKnownFileType = sourcecode.swift; path = ViewController.swift; sourceTree = "<group>"; };
		B6C37E482A341CF5004D18A8 /* Base */ = {isa = PBXFileReference; lastKnownFileType = file.storyboard; name = Base; path = Base.lproj/Main.storyboard; sourceTree = "<group>"; };
		B6C37E4A2A341CF6004D18A8 /* Assets.xcassets */ = {isa = PBXFileReference; lastKnownFileType = folder.assetcatalog; path = Assets.xcassets; sourceTree = "<group>"; };
		B6C37E4D2A341CF6004D18A8 /* Base */ = {isa = PBXFileReference; lastKnownFileType = file.storyboard; name = Base; path = Base.lproj/LaunchScreen.storyboard; sourceTree = "<group>"; };
		B6C37E4F2A341CF6004D18A8 /* Info.plist */ = {isa = PBXFileReference; lastKnownFileType = text.plist.xml; path = Info.plist; sourceTree = "<group>"; };
		B6C37E542A341CF7004D18A8 /* LemonTests.xctest */ = {isa = PBXFileReference; explicitFileType = wrapper.cfbundle; includeInIndex = 0; path = LemonTests.xctest; sourceTree = BUILT_PRODUCTS_DIR; };
		B6C37E582A341CF7004D18A8 /* LemonTests.swift */ = {isa = PBXFileReference; lastKnownFileType = sourcecode.swift; path = LemonTests.swift; sourceTree = "<group>"; };
		B6C37E5E2A341CF7004D18A8 /* LemonUITests.xctest */ = {isa = PBXFileReference; explicitFileType = wrapper.cfbundle; includeInIndex = 0; path = LemonUITests.xctest; sourceTree = BUILT_PRODUCTS_DIR; };
		B6C37E622A341CF7004D18A8 /* LemonUITests.swift */ = {isa = PBXFileReference; lastKnownFileType = sourcecode.swift; path = LemonUITests.swift; sourceTree = "<group>"; };
		B6C37E642A341CF7004D18A8 /* LemonUITestsLaunchTests.swift */ = {isa = PBXFileReference; lastKnownFileType = sourcecode.swift; path = LemonUITestsLaunchTests.swift; sourceTree = "<group>"; };
		B6C37E782A351CFA004D18A8 /* SpeechSynthesizer.swift */ = {isa = PBXFileReference; lastKnownFileType = sourcecode.swift; path = SpeechSynthesizer.swift; sourceTree = "<group>"; };
		B6C37E7B2A3524D8004D18A8 /* SpeechRecognizer.swift */ = {isa = PBXFileReference; lastKnownFileType = sourcecode.swift; path = SpeechRecognizer.swift; sourceTree = "<group>"; };
		B6C37E7F2A3525DF004D18A8 /* SFSpeechRecognizer.swift */ = {isa = PBXFileReference; lastKnownFileType = sourcecode.swift; path = SFSpeechRecognizer.swift; sourceTree = "<group>"; };
		B6C37E812A3525F4004D18A8 /* AVAudioSession.swift */ = {isa = PBXFileReference; lastKnownFileType = sourcecode.swift; path = AVAudioSession.swift; sourceTree = "<group>"; };
		B6C37E852A353854004D18A8 /* AudioSessionManager.swift */ = {isa = PBXFileReference; lastKnownFileType = sourcecode.swift; path = AudioSessionManager.swift; sourceTree = "<group>"; };
		B6C37ECE2A396B56004D18A8 /* CaptureSession.swift */ = {isa = PBXFileReference; lastKnownFileType = sourcecode.swift; path = CaptureSession.swift; sourceTree = "<group>"; };
		B6C37ED02A396B71004D18A8 /* CaptureDelegate.swift */ = {isa = PBXFileReference; lastKnownFileType = sourcecode.swift; path = CaptureDelegate.swift; sourceTree = "<group>"; };
		B6C37ED32A396D9A004D18A8 /* CGRect.swift */ = {isa = PBXFileReference; lastKnownFileType = sourcecode.swift; path = CGRect.swift; sourceTree = "<group>"; };
		B6C37ED62A3973A2004D18A8 /* TagmataDetector.swift */ = {isa = PBXFileReference; lastKnownFileType = sourcecode.swift; path = TagmataDetector.swift; sourceTree = "<group>"; };
		B6C37EDC2A397950004D18A8 /* PredictionBoxView.swift */ = {isa = PBXFileReference; lastKnownFileType = sourcecode.swift; path = PredictionBoxView.swift; sourceTree = "<group>"; };
		B6C37EDE2A397C9B004D18A8 /* TagmataDetectionDelegate.swift */ = {isa = PBXFileReference; lastKnownFileType = sourcecode.swift; path = TagmataDetectionDelegate.swift; sourceTree = "<group>"; };
		B6C37EE22A399D7E004D18A8 /* TagmataDetection.swift */ = {isa = PBXFileReference; lastKnownFileType = sourcecode.swift; path = TagmataDetection.swift; sourceTree = "<group>"; };
		B6C37EE42A399EE1004D18A8 /* Math.swift */ = {isa = PBXFileReference; lastKnownFileType = sourcecode.swift; path = Math.swift; sourceTree = "<group>"; };
		B6C37EE62A399F30004D18A8 /* Float.swift */ = {isa = PBXFileReference; lastKnownFileType = sourcecode.swift; path = Float.swift; sourceTree = "<group>"; };
		B6C37EE82A399F44004D18A8 /* Double.swift */ = {isa = PBXFileReference; lastKnownFileType = sourcecode.swift; path = Double.swift; sourceTree = "<group>"; };
		B6C37EEA2A39A1B9004D18A8 /* LemonButton.swift */ = {isa = PBXFileReference; lastKnownFileType = sourcecode.swift; path = LemonButton.swift; sourceTree = "<group>"; };
		B6C37EEC2A39AF22004D18A8 /* LemonText.swift */ = {isa = PBXFileReference; lastKnownFileType = sourcecode.swift; path = LemonText.swift; sourceTree = "<group>"; };
		B6C37EEE2A39B137004D18A8 /* LemonVStack.swift */ = {isa = PBXFileReference; lastKnownFileType = sourcecode.swift; path = LemonVStack.swift; sourceTree = "<group>"; };
		B6C37EF02A39B308004D18A8 /* LemonUIView.swift */ = {isa = PBXFileReference; lastKnownFileType = sourcecode.swift; path = LemonUIView.swift; sourceTree = "<group>"; };
		B6C37EF22A39B5BF004D18A8 /* LemonImage.swift */ = {isa = PBXFileReference; lastKnownFileType = sourcecode.swift; path = LemonImage.swift; sourceTree = "<group>"; };
		B6C37EF42A39BAB3004D18A8 /* LemonView.swift */ = {isa = PBXFileReference; lastKnownFileType = sourcecode.swift; path = LemonView.swift; sourceTree = "<group>"; };
		B6D461CA2A4538CF0002CEEC /* LiveSpeechToTextDelegate.swift */ = {isa = PBXFileReference; lastKnownFileType = sourcecode.swift; path = LiveSpeechToTextDelegate.swift; sourceTree = "<group>"; };
		B6D461CC2A4539C00002CEEC /* SpeechText.swift */ = {isa = PBXFileReference; lastKnownFileType = sourcecode.swift; path = SpeechText.swift; sourceTree = "<group>"; };
		B6D461D42A4B65EF0002CEEC /* TagmataDetector1_2000.mlmodel */ = {isa = PBXFileReference; lastKnownFileType = file.mlmodel; path = TagmataDetector1_2000.mlmodel; sourceTree = "<group>"; };
		B6D461D52A4B65EF0002CEEC /* TagmataDetector4_3910.mlmodel */ = {isa = PBXFileReference; lastKnownFileType = file.mlmodel; path = TagmataDetector4_3910.mlmodel; sourceTree = "<group>"; };
		B6D461D62A4B65EF0002CEEC /* TagmataDetector4_6000.mlmodel */ = {isa = PBXFileReference; lastKnownFileType = file.mlmodel; path = TagmataDetector4_6000.mlmodel; sourceTree = "<group>"; };
		B6D461DA2A4D2AC40002CEEC /* TagmataDetectionOutcome.swift */ = {isa = PBXFileReference; lastKnownFileType = sourcecode.swift; path = TagmataDetectionOutcome.swift; sourceTree = "<group>"; };
		B6D461DE2A4D61950002CEEC /* CGPoint.swift */ = {isa = PBXFileReference; lastKnownFileType = sourcecode.swift; path = CGPoint.swift; sourceTree = "<group>"; };
		B6D461E02A4D63330002CEEC /* TagmataQuadrantDetector.swift */ = {isa = PBXFileReference; lastKnownFileType = sourcecode.swift; path = TagmataQuadrantDetector.swift; sourceTree = "<group>"; };
		B6D461E22A4D63FA0002CEEC /* DetectorID.swift */ = {isa = PBXFileReference; lastKnownFileType = sourcecode.swift; path = DetectorID.swift; sourceTree = "<group>"; };
		B6D461E62A4DD14D0002CEEC /* LemonSlider.swift */ = {isa = PBXFileReference; lastKnownFileType = sourcecode.swift; path = LemonSlider.swift; sourceTree = "<group>"; };
		B6D461E82A4DDA550002CEEC /* LemonLabelledSlider.swift */ = {isa = PBXFileReference; lastKnownFileType = sourcecode.swift; path = LemonLabelledSlider.swift; sourceTree = "<group>"; };
		B6D461EA2A4DDC760002CEEC /* LemonHStack.swift */ = {isa = PBXFileReference; lastKnownFileType = sourcecode.swift; path = LemonHStack.swift; sourceTree = "<group>"; };
		B6D461EC2A4DE0910002CEEC /* LemonViewObserver.swift */ = {isa = PBXFileReference; lastKnownFileType = sourcecode.swift; path = LemonViewObserver.swift; sourceTree = "<group>"; };
		B6D461EE2A4DF11E0002CEEC /* LemonSwitch.swift */ = {isa = PBXFileReference; lastKnownFileType = sourcecode.swift; path = LemonSwitch.swift; sourceTree = "<group>"; };
		B6D461F02A4E6EBF0002CEEC /* DetectsTagmata.swift */ = {isa = PBXFileReference; lastKnownFileType = sourcecode.swift; path = DetectsTagmata.swift; sourceTree = "<group>"; };
		B6D461F22A4E74A00002CEEC /* CGFloat.swift */ = {isa = PBXFileReference; lastKnownFileType = sourcecode.swift; path = CGFloat.swift; sourceTree = "<group>"; };
		B6D461F52A4F163A0002CEEC /* Environment.swift */ = {isa = PBXFileReference; lastKnownFileType = sourcecode.swift; path = Environment.swift; sourceTree = "<group>"; };
		B6D461F72A4F18D60002CEEC /* LemonLabelledSwitch.swift */ = {isa = PBXFileReference; lastKnownFileType = sourcecode.swift; path = LemonLabelledSwitch.swift; sourceTree = "<group>"; };
		B6D472472A5714EB0002CEEC /* WrapsToZero.swift */ = {isa = PBXFileReference; lastKnownFileType = sourcecode.swift; path = WrapsToZero.swift; sourceTree = "<group>"; };
		B6D472492A5719A70002CEEC /* DetectionCompiler.swift */ = {isa = PBXFileReference; lastKnownFileType = sourcecode.swift; path = DetectionCompiler.swift; sourceTree = "<group>"; };
		B6D4724C2A5724E40002CEEC /* Localizable.strings */ = {isa = PBXFileReference; lastKnownFileType = text.plist.strings; path = Localizable.strings; sourceTree = "<group>"; };
		B6D4724F2A5747780002CEEC /* HandDetector.swift */ = {isa = PBXFileReference; lastKnownFileType = sourcecode.swift; path = HandDetector.swift; sourceTree = "<group>"; };
		B6D472512A57485D0002CEEC /* JointPosition.swift */ = {isa = PBXFileReference; lastKnownFileType = sourcecode.swift; path = JointPosition.swift; sourceTree = "<group>"; };
		B6D472532A5748710002CEEC /* HandDetection.swift */ = {isa = PBXFileReference; lastKnownFileType = sourcecode.swift; path = HandDetection.swift; sourceTree = "<group>"; };
		B6D472552A57489A0002CEEC /* HandDetectionOutcome.swift */ = {isa = PBXFileReference; lastKnownFileType = sourcecode.swift; path = HandDetectionOutcome.swift; sourceTree = "<group>"; };
		B6D472572A574A800002CEEC /* HandDetectionDelegate.swift */ = {isa = PBXFileReference; lastKnownFileType = sourcecode.swift; path = HandDetectionDelegate.swift; sourceTree = "<group>"; };
		B6D472592A574BF30002CEEC /* JointPositionsView.swift */ = {isa = PBXFileReference; lastKnownFileType = sourcecode.swift; path = JointPositionsView.swift; sourceTree = "<group>"; };
		B6D472612A576BB20002CEEC /* Array.swift */ = {isa = PBXFileReference; lastKnownFileType = sourcecode.swift; path = Array.swift; sourceTree = "<group>"; };
		B6D472632A5777470002CEEC /* ProximityView.swift */ = {isa = PBXFileReference; lastKnownFileType = sourcecode.swift; path = ProximityView.swift; sourceTree = "<group>"; };
		B6D472652A5785210002CEEC /* Strings.swift */ = {isa = PBXFileReference; lastKnownFileType = sourcecode.swift; path = Strings.swift; sourceTree = "<group>"; };
		B6D472672A57B6FF0002CEEC /* TagmataDetector5_5000.mlmodel */ = {isa = PBXFileReference; lastKnownFileType = file.mlmodel; path = TagmataDetector5_5000.mlmodel; sourceTree = "<group>"; };
		B6D4726E2A5962770002CEEC /* CompiledResults.swift */ = {isa = PBXFileReference; lastKnownFileType = sourcecode.swift; path = CompiledResults.swift; sourceTree = "<group>"; };
		B6D472702A597D1C0002CEEC /* AnglesView.swift */ = {isa = PBXFileReference; lastKnownFileType = sourcecode.swift; path = AnglesView.swift; sourceTree = "<group>"; };
		B6D472742A5FA6C30002CEEC /* LemonIconButton.swift */ = {isa = PBXFileReference; lastKnownFileType = sourcecode.swift; path = LemonIconButton.swift; sourceTree = "<group>"; };
		B6D472762A5FCDB20002CEEC /* HandDetector2_70.mlmodel */ = {isa = PBXFileReference; lastKnownFileType = file.mlmodel; path = HandDetector2_70.mlmodel; sourceTree = "<group>"; };
		B6D472782A608CA10002CEEC /* HandChirality.swift */ = {isa = PBXFileReference; lastKnownFileType = sourcecode.swift; path = HandChirality.swift; sourceTree = "<group>"; };
		B6D4727A2A608EA60002CEEC /* HandClassification.swift */ = {isa = PBXFileReference; lastKnownFileType = sourcecode.swift; path = HandClassification.swift; sourceTree = "<group>"; };
		B6D4727F2A60A3BA0002CEEC /* HandClassificationView.swift */ = {isa = PBXFileReference; lastKnownFileType = sourcecode.swift; path = HandClassificationView.swift; sourceTree = "<group>"; };
		B6D472852A64E6DF0002CEEC /* Angle.swift */ = {isa = PBXFileReference; lastKnownFileType = sourcecode.swift; path = Angle.swift; sourceTree = "<group>"; };
		B6DC100D2A6A2A3500C10100 /* Command.swift */ = {isa = PBXFileReference; lastKnownFileType = sourcecode.swift; path = Command.swift; sourceTree = "<group>"; };
		B6DC10112A712CB500C10100 /* wings.m4a */ = {isa = PBXFileReference; lastKnownFileType = file; path = wings.m4a; sourceTree = "<group>"; };
		B6DC10122A712CD300C10100 /* AudioPlayer.swift */ = {isa = PBXFileReference; lastKnownFileType = sourcecode.swift; path = AudioPlayer.swift; sourceTree = "<group>"; };
		B6DC10152A71336300C10100 /* AudioRecorder.swift */ = {isa = PBXFileReference; lastKnownFileType = sourcecode.swift; path = AudioRecorder.swift; sourceTree = "<group>"; };
		B6DC10172A7353E400C10100 /* thorax.m4a */ = {isa = PBXFileReference; lastKnownFileType = file; path = thorax.m4a; sourceTree = "<group>"; };
		B6DC10182A7353E400C10100 /* abdomen.m4a */ = {isa = PBXFileReference; lastKnownFileType = file; path = abdomen.m4a; sourceTree = "<group>"; };
		B6DC10192A7353E400C10100 /* head.m4a */ = {isa = PBXFileReference; lastKnownFileType = file; path = head.m4a; sourceTree = "<group>"; };
		B6FD174E2A416DBB003EDD5F /* TagmataClassification.swift */ = {isa = PBXFileReference; lastKnownFileType = sourcecode.swift; path = TagmataClassification.swift; sourceTree = "<group>"; };
/* End PBXFileReference section */

/* Begin PBXFrameworksBuildPhase section */
		B6C37E3B2A341CF5004D18A8 /* Frameworks */ = {
			isa = PBXFrameworksBuildPhase;
			buildActionMask = 2147483647;
			files = (
			);
			runOnlyForDeploymentPostprocessing = 0;
		};
		B6C37E512A341CF7004D18A8 /* Frameworks */ = {
			isa = PBXFrameworksBuildPhase;
			buildActionMask = 2147483647;
			files = (
			);
			runOnlyForDeploymentPostprocessing = 0;
		};
		B6C37E5B2A341CF7004D18A8 /* Frameworks */ = {
			isa = PBXFrameworksBuildPhase;
			buildActionMask = 2147483647;
			files = (
			);
			runOnlyForDeploymentPostprocessing = 0;
		};
/* End PBXFrameworksBuildPhase section */

/* Begin PBXGroup section */
		B67F064E2A97C0FA00591789 /* Actions */ = {
			isa = PBXGroup;
			children = (
				B67F064F2A97C11B00591789 /* AudioAction.swift */,
			);
			path = Actions;
			sourceTree = "<group>";
		};
		B67F06532A97F54600591789 /* Quiz */ = {
			isa = PBXGroup;
			children = (
				B67F06542A97F55700591789 /* QuizMaster.swift */,
				B67F06582A9BB40C00591789 /* AnswerStatus.swift */,
				B67F065A2A9BB42500591789 /* Question.swift */,
				B67F065C2A9BB44400591789 /* AudioQuestion.swift */,
				B67F065E2A9BB46700591789 /* VisualQuestion.swift */,
			);
			path = Quiz;
			sourceTree = "<group>";
		};
		B6C37E352A341CF5004D18A8 = {
			isa = PBXGroup;
			children = (
				B6C37E402A341CF5004D18A8 /* Lemon */,
				B6C37E572A341CF7004D18A8 /* LemonTests */,
				B6C37E612A341CF7004D18A8 /* LemonUITests */,
				B6C37E3F2A341CF5004D18A8 /* Products */,
			);
			sourceTree = "<group>";
		};
		B6C37E3F2A341CF5004D18A8 /* Products */ = {
			isa = PBXGroup;
			children = (
				B6C37E3E2A341CF5004D18A8 /* Lemon.app */,
				B6C37E542A341CF7004D18A8 /* LemonTests.xctest */,
				B6C37E5E2A341CF7004D18A8 /* LemonUITests.xctest */,
			);
			name = Products;
			sourceTree = "<group>";
		};
		B6C37E402A341CF5004D18A8 /* Lemon */ = {
			isa = PBXGroup;
			children = (
				B6D4724B2A5724C30002CEEC /* Strings */,
				B6D472462A5714BC0002CEEC /* Core */,
				B6C37E7D2A3525B5004D18A8 /* Swift */,
				B6C37E732A35164B004D18A8 /* App */,
				B6C37E712A351630004D18A8 /* Model Layer */,
				B6C37E722A351638004D18A8 /* View Layer */,
			);
			path = Lemon;
			sourceTree = "<group>";
		};
		B6C37E572A341CF7004D18A8 /* LemonTests */ = {
			isa = PBXGroup;
			children = (
				B6C37E582A341CF7004D18A8 /* LemonTests.swift */,
			);
			path = LemonTests;
			sourceTree = "<group>";
		};
		B6C37E612A341CF7004D18A8 /* LemonUITests */ = {
			isa = PBXGroup;
			children = (
				B6C37E622A341CF7004D18A8 /* LemonUITests.swift */,
				B6C37E642A341CF7004D18A8 /* LemonUITestsLaunchTests.swift */,
			);
			path = LemonUITests;
			sourceTree = "<group>";
		};
		B6C37E712A351630004D18A8 /* Model Layer */ = {
			isa = PBXGroup;
			children = (
				B67F06532A97F54600591789 /* Quiz */,
				B67F064E2A97C0FA00591789 /* Actions */,
				B6DC100F2A712C5B00C10100 /* Audio */,
				B6DC100C2A6A2A2400C10100 /* Commands */,
				B6D4725E2A5762100002CEEC /* Detection */,
				B6D4724E2A57475E0002CEEC /* Hand Detection */,
				B6C37ED52A397366004D18A8 /* Tagmata Detection */,
				B6C37ECD2A396B4D004D18A8 /* Video */,
				B6C37E842A353847004D18A8 /* Session */,
				B6C37E7A2A3524B8004D18A8 /* Speech-to-Text */,
				B6C37E772A351C93004D18A8 /* Text-to-Speech */,
			);
			path = "Model Layer";
			sourceTree = "<group>";
		};
		B6C37E722A351638004D18A8 /* View Layer */ = {
			isa = PBXGroup;
			children = (
				B6D461F42A4F162D0002CEEC /* Environment */,
				B6C37EDB2A397944004D18A8 /* Views */,
				B6C37EDA2A39790F004D18A8 /* ViewControllers */,
				B6C37E762A3516E9004D18A8 /* Assets */,
				B6C37E752A3516DF004D18A8 /* Storyboards */,
			);
			path = "View Layer";
			sourceTree = "<group>";
		};
		B6C37E732A35164B004D18A8 /* App */ = {
			isa = PBXGroup;
			children = (
				B6C37E742A3516BC004D18A8 /* Lifecycle */,
				B6C37E4F2A341CF6004D18A8 /* Info.plist */,
			);
			path = App;
			sourceTree = "<group>";
		};
		B6C37E742A3516BC004D18A8 /* Lifecycle */ = {
			isa = PBXGroup;
			children = (
				B6C37E432A341CF5004D18A8 /* SceneDelegate.swift */,
				B6C37E412A341CF5004D18A8 /* AppDelegate.swift */,
			);
			path = Lifecycle;
			sourceTree = "<group>";
		};
		B6C37E752A3516DF004D18A8 /* Storyboards */ = {
			isa = PBXGroup;
			children = (
				B6C37E4C2A341CF6004D18A8 /* LaunchScreen.storyboard */,
				B6C37E472A341CF5004D18A8 /* Main.storyboard */,
			);
			path = Storyboards;
			sourceTree = "<group>";
		};
		B6C37E762A3516E9004D18A8 /* Assets */ = {
			isa = PBXGroup;
			children = (
				B6DC10102A712C7900C10100 /* Audio */,
				B6C37E4A2A341CF6004D18A8 /* Assets.xcassets */,
			);
			path = Assets;
			sourceTree = "<group>";
		};
		B6C37E772A351C93004D18A8 /* Text-to-Speech */ = {
			isa = PBXGroup;
			children = (
				B6C37E782A351CFA004D18A8 /* SpeechSynthesizer.swift */,
			);
			path = "Text-to-Speech";
			sourceTree = "<group>";
		};
		B6C37E7A2A3524B8004D18A8 /* Speech-to-Text */ = {
			isa = PBXGroup;
			children = (
				B6C37E7B2A3524D8004D18A8 /* SpeechRecognizer.swift */,
				B6D461CA2A4538CF0002CEEC /* LiveSpeechToTextDelegate.swift */,
				B6D461CC2A4539C00002CEEC /* SpeechText.swift */,
			);
			path = "Speech-to-Text";
			sourceTree = "<group>";
		};
		B6C37E7D2A3525B5004D18A8 /* Swift */ = {
			isa = PBXGroup;
			children = (
				B6C37ED22A396D87004D18A8 /* CoreGraphics */,
				B6C37E832A3525FE004D18A8 /* Speech */,
				B6C37E7E2A3525C0004D18A8 /* AVFoundation */,
				B6C37EE42A399EE1004D18A8 /* Math.swift */,
				B6C37EE62A399F30004D18A8 /* Float.swift */,
				B6C37EE82A399F44004D18A8 /* Double.swift */,
				B6D472612A576BB20002CEEC /* Array.swift */,
			);
			path = Swift;
			sourceTree = "<group>";
		};
		B6C37E7E2A3525C0004D18A8 /* AVFoundation */ = {
			isa = PBXGroup;
			children = (
				B6C37E812A3525F4004D18A8 /* AVAudioSession.swift */,
			);
			path = AVFoundation;
			sourceTree = "<group>";
		};
		B6C37E832A3525FE004D18A8 /* Speech */ = {
			isa = PBXGroup;
			children = (
				B6C37E7F2A3525DF004D18A8 /* SFSpeechRecognizer.swift */,
			);
			path = Speech;
			sourceTree = "<group>";
		};
		B6C37E842A353847004D18A8 /* Session */ = {
			isa = PBXGroup;
			children = (
				B6C37E852A353854004D18A8 /* AudioSessionManager.swift */,
			);
			path = Session;
			sourceTree = "<group>";
		};
		B6C37ECD2A396B4D004D18A8 /* Video */ = {
			isa = PBXGroup;
			children = (
				B6C37ECE2A396B56004D18A8 /* CaptureSession.swift */,
				B6C37ED02A396B71004D18A8 /* CaptureDelegate.swift */,
			);
			path = Video;
			sourceTree = "<group>";
		};
		B6C37ED22A396D87004D18A8 /* CoreGraphics */ = {
			isa = PBXGroup;
			children = (
				B6C37ED32A396D9A004D18A8 /* CGRect.swift */,
				B6D461DE2A4D61950002CEEC /* CGPoint.swift */,
				B6D461F22A4E74A00002CEEC /* CGFloat.swift */,
			);
			path = CoreGraphics;
			sourceTree = "<group>";
		};
		B6C37ED52A397366004D18A8 /* Tagmata Detection */ = {
			isa = PBXGroup;
			children = (
				B6D461D42A4B65EF0002CEEC /* TagmataDetector1_2000.mlmodel */,
				B6D461D52A4B65EF0002CEEC /* TagmataDetector4_3910.mlmodel */,
				B6D461D62A4B65EF0002CEEC /* TagmataDetector4_6000.mlmodel */,
				B6D472672A57B6FF0002CEEC /* TagmataDetector5_5000.mlmodel */,
				B6C37ED62A3973A2004D18A8 /* TagmataDetector.swift */,
				B6C37EDE2A397C9B004D18A8 /* TagmataDetectionDelegate.swift */,
				B6C37EE22A399D7E004D18A8 /* TagmataDetection.swift */,
				B6FD174E2A416DBB003EDD5F /* TagmataClassification.swift */,
				B6D461DA2A4D2AC40002CEEC /* TagmataDetectionOutcome.swift */,
				B6D461E02A4D63330002CEEC /* TagmataQuadrantDetector.swift */,
				B6D461E22A4D63FA0002CEEC /* DetectorID.swift */,
				B6D461F02A4E6EBF0002CEEC /* DetectsTagmata.swift */,
			);
			path = "Tagmata Detection";
			sourceTree = "<group>";
		};
		B6C37EDA2A39790F004D18A8 /* ViewControllers */ = {
			isa = PBXGroup;
			children = (
				B6C37E452A341CF5004D18A8 /* ViewController.swift */,
			);
			path = ViewControllers;
			sourceTree = "<group>";
		};
		B6C37EDB2A397944004D18A8 /* Views */ = {
			isa = PBXGroup;
			children = (
				B6D472732A597D2F0002CEEC /* Overlays */,
				B6D472722A597D210002CEEC /* Core */,
			);
			path = Views;
			sourceTree = "<group>";
		};
		B6D461F42A4F162D0002CEEC /* Environment */ = {
			isa = PBXGroup;
			children = (
				B6D461F52A4F163A0002CEEC /* Environment.swift */,
			);
			path = Environment;
			sourceTree = "<group>";
		};
		B6D472462A5714BC0002CEEC /* Core */ = {
			isa = PBXGroup;
			children = (
				B6D472472A5714EB0002CEEC /* WrapsToZero.swift */,
				B6D472852A64E6DF0002CEEC /* Angle.swift */,
			);
			path = Core;
			sourceTree = "<group>";
		};
		B6D4724B2A5724C30002CEEC /* Strings */ = {
			isa = PBXGroup;
			children = (
				B6D4724C2A5724E40002CEEC /* Localizable.strings */,
				B6D472652A5785210002CEEC /* Strings.swift */,
			);
			path = Strings;
			sourceTree = "<group>";
		};
		B6D4724E2A57475E0002CEEC /* Hand Detection */ = {
			isa = PBXGroup;
			children = (
				B6D472762A5FCDB20002CEEC /* HandDetector2_70.mlmodel */,
				B6D4724F2A5747780002CEEC /* HandDetector.swift */,
				B6D472512A57485D0002CEEC /* JointPosition.swift */,
				B6D472532A5748710002CEEC /* HandDetection.swift */,
				B6D472552A57489A0002CEEC /* HandDetectionOutcome.swift */,
				B6D472572A574A800002CEEC /* HandDetectionDelegate.swift */,
				B6D472782A608CA10002CEEC /* HandChirality.swift */,
				B6D4727A2A608EA60002CEEC /* HandClassification.swift */,
			);
			path = "Hand Detection";
			sourceTree = "<group>";
		};
		B6D4725E2A5762100002CEEC /* Detection */ = {
			isa = PBXGroup;
			children = (
				B6D472492A5719A70002CEEC /* DetectionCompiler.swift */,
				B6D4726E2A5962770002CEEC /* CompiledResults.swift */,
			);
			path = Detection;
			sourceTree = "<group>";
		};
		B6D472722A597D210002CEEC /* Core */ = {
			isa = PBXGroup;
			children = (
				B6C37EEA2A39A1B9004D18A8 /* LemonButton.swift */,
				B6C37EEC2A39AF22004D18A8 /* LemonText.swift */,
				B6C37EEE2A39B137004D18A8 /* LemonVStack.swift */,
				B6C37EF02A39B308004D18A8 /* LemonUIView.swift */,
				B6C37EF22A39B5BF004D18A8 /* LemonImage.swift */,
				B6C37EF42A39BAB3004D18A8 /* LemonView.swift */,
				B6D461E62A4DD14D0002CEEC /* LemonSlider.swift */,
				B6D461E82A4DDA550002CEEC /* LemonLabelledSlider.swift */,
				B6D461EA2A4DDC760002CEEC /* LemonHStack.swift */,
				B6D461EC2A4DE0910002CEEC /* LemonViewObserver.swift */,
				B6D461EE2A4DF11E0002CEEC /* LemonSwitch.swift */,
				B6D461F72A4F18D60002CEEC /* LemonLabelledSwitch.swift */,
				B6D472742A5FA6C30002CEEC /* LemonIconButton.swift */,
			);
			path = Core;
			sourceTree = "<group>";
		};
		B6D472732A597D2F0002CEEC /* Overlays */ = {
			isa = PBXGroup;
			children = (
				B6C37EDC2A397950004D18A8 /* PredictionBoxView.swift */,
				B6D472592A574BF30002CEEC /* JointPositionsView.swift */,
				B6D472632A5777470002CEEC /* ProximityView.swift */,
				B6D472702A597D1C0002CEEC /* AnglesView.swift */,
				B6D4727F2A60A3BA0002CEEC /* HandClassificationView.swift */,
			);
			path = Overlays;
			sourceTree = "<group>";
		};
		B6DC100C2A6A2A2400C10100 /* Commands */ = {
			isa = PBXGroup;
			children = (
				B6DC100D2A6A2A3500C10100 /* Command.swift */,
			);
			path = Commands;
			sourceTree = "<group>";
		};
		B6DC100F2A712C5B00C10100 /* Audio */ = {
			isa = PBXGroup;
			children = (
				B6DC10122A712CD300C10100 /* AudioPlayer.swift */,
				B6DC10152A71336300C10100 /* AudioRecorder.swift */,
			);
			path = Audio;
			sourceTree = "<group>";
		};
		B6DC10102A712C7900C10100 /* Audio */ = {
			isa = PBXGroup;
			children = (
				B67F06562A97FC3900591789 /* correct.m4a */,
				B67F06512A97C49400591789 /* completed.m4a */,
				B6DC10182A7353E400C10100 /* abdomen.m4a */,
				B6DC10192A7353E400C10100 /* head.m4a */,
				B6DC10172A7353E400C10100 /* thorax.m4a */,
				B6DC10112A712CB500C10100 /* wings.m4a */,
			);
			path = Audio;
			sourceTree = "<group>";
		};
/* End PBXGroup section */

/* Begin PBXNativeTarget section */
		B6C37E3D2A341CF5004D18A8 /* Lemon */ = {
			isa = PBXNativeTarget;
			buildConfigurationList = B6C37E682A341CF7004D18A8 /* Build configuration list for PBXNativeTarget "Lemon" */;
			buildPhases = (
				B6C37E3A2A341CF5004D18A8 /* Sources */,
				B6C37E3B2A341CF5004D18A8 /* Frameworks */,
				B6C37E3C2A341CF5004D18A8 /* Resources */,
			);
			buildRules = (
			);
			dependencies = (
			);
			name = Lemon;
			productName = Lemon;
			productReference = B6C37E3E2A341CF5004D18A8 /* Lemon.app */;
			productType = "com.apple.product-type.application";
		};
		B6C37E532A341CF7004D18A8 /* LemonTests */ = {
			isa = PBXNativeTarget;
			buildConfigurationList = B6C37E6B2A341CF7004D18A8 /* Build configuration list for PBXNativeTarget "LemonTests" */;
			buildPhases = (
				B6C37E502A341CF7004D18A8 /* Sources */,
				B6C37E512A341CF7004D18A8 /* Frameworks */,
				B6C37E522A341CF7004D18A8 /* Resources */,
			);
			buildRules = (
			);
			dependencies = (
				B6C37E562A341CF7004D18A8 /* PBXTargetDependency */,
			);
			name = LemonTests;
			productName = LemonTests;
			productReference = B6C37E542A341CF7004D18A8 /* LemonTests.xctest */;
			productType = "com.apple.product-type.bundle.unit-test";
		};
		B6C37E5D2A341CF7004D18A8 /* LemonUITests */ = {
			isa = PBXNativeTarget;
			buildConfigurationList = B6C37E6E2A341CF7004D18A8 /* Build configuration list for PBXNativeTarget "LemonUITests" */;
			buildPhases = (
				B6C37E5A2A341CF7004D18A8 /* Sources */,
				B6C37E5B2A341CF7004D18A8 /* Frameworks */,
				B6C37E5C2A341CF7004D18A8 /* Resources */,
			);
			buildRules = (
			);
			dependencies = (
				B6C37E602A341CF7004D18A8 /* PBXTargetDependency */,
			);
			name = LemonUITests;
			productName = LemonUITests;
			productReference = B6C37E5E2A341CF7004D18A8 /* LemonUITests.xctest */;
			productType = "com.apple.product-type.bundle.ui-testing";
		};
/* End PBXNativeTarget section */

/* Begin PBXProject section */
		B6C37E362A341CF5004D18A8 /* Project object */ = {
			isa = PBXProject;
			attributes = {
				BuildIndependentTargetsInParallel = 1;
				LastSwiftUpdateCheck = 1430;
				LastUpgradeCheck = 1430;
				TargetAttributes = {
					B6C37E3D2A341CF5004D18A8 = {
						CreatedOnToolsVersion = 14.3;
					};
					B6C37E532A341CF7004D18A8 = {
						CreatedOnToolsVersion = 14.3;
						TestTargetID = B6C37E3D2A341CF5004D18A8;
					};
					B6C37E5D2A341CF7004D18A8 = {
						CreatedOnToolsVersion = 14.3;
						TestTargetID = B6C37E3D2A341CF5004D18A8;
					};
				};
			};
			buildConfigurationList = B6C37E392A341CF5004D18A8 /* Build configuration list for PBXProject "Lemon" */;
			compatibilityVersion = "Xcode 14.0";
			developmentRegion = en;
			hasScannedForEncodings = 0;
			knownRegions = (
				en,
				Base,
			);
			mainGroup = B6C37E352A341CF5004D18A8;
			productRefGroup = B6C37E3F2A341CF5004D18A8 /* Products */;
			projectDirPath = "";
			projectRoot = "";
			targets = (
				B6C37E3D2A341CF5004D18A8 /* Lemon */,
				B6C37E532A341CF7004D18A8 /* LemonTests */,
				B6C37E5D2A341CF7004D18A8 /* LemonUITests */,
			);
		};
/* End PBXProject section */

/* Begin PBXResourcesBuildPhase section */
		B6C37E3C2A341CF5004D18A8 /* Resources */ = {
			isa = PBXResourcesBuildPhase;
			buildActionMask = 2147483647;
			files = (
				B67F06572A97FC4500591789 /* correct.m4a in Resources */,
				B67F06522A97C5D800591789 /* completed.m4a in Resources */,
				B6DC10142A712F5800C10100 /* wings.m4a in Resources */,
				B6C37E4E2A341CF6004D18A8 /* LaunchScreen.storyboard in Resources */,
				B6DC101C2A7353E400C10100 /* head.m4a in Resources */,
				B6D4724D2A5724E40002CEEC /* Localizable.strings in Resources */,
				B6C37E4B2A341CF6004D18A8 /* Assets.xcassets in Resources */,
				B6DC101A2A7353E400C10100 /* thorax.m4a in Resources */,
				B6C37E492A341CF5004D18A8 /* Main.storyboard in Resources */,
				B6DC101B2A7353E400C10100 /* abdomen.m4a in Resources */,
			);
			runOnlyForDeploymentPostprocessing = 0;
		};
		B6C37E522A341CF7004D18A8 /* Resources */ = {
			isa = PBXResourcesBuildPhase;
			buildActionMask = 2147483647;
			files = (
			);
			runOnlyForDeploymentPostprocessing = 0;
		};
		B6C37E5C2A341CF7004D18A8 /* Resources */ = {
			isa = PBXResourcesBuildPhase;
			buildActionMask = 2147483647;
			files = (
			);
			runOnlyForDeploymentPostprocessing = 0;
		};
/* End PBXResourcesBuildPhase section */

/* Begin PBXSourcesBuildPhase section */
		B6C37E3A2A341CF5004D18A8 /* Sources */ = {
			isa = PBXSourcesBuildPhase;
			buildActionMask = 2147483647;
			files = (
				B6D461ED2A4DE0910002CEEC /* LemonViewObserver.swift in Sources */,
				B6C37ED72A3973A2004D18A8 /* TagmataDetector.swift in Sources */,
				B6D461F12A4E6EBF0002CEEC /* DetectsTagmata.swift in Sources */,
				B6D472522A57485D0002CEEC /* JointPosition.swift in Sources */,
				B6D461CD2A4539C00002CEEC /* SpeechText.swift in Sources */,
				B67F065B2A9BB42500591789 /* Question.swift in Sources */,
				B6C37E802A3525DF004D18A8 /* SFSpeechRecognizer.swift in Sources */,
				B6D472752A5FA6C30002CEEC /* LemonIconButton.swift in Sources */,
				B6D472682A57B6FF0002CEEC /* TagmataDetector5_5000.mlmodel in Sources */,
				B6D461F82A4F18D60002CEEC /* LemonLabelledSwitch.swift in Sources */,
				B6D472502A5747780002CEEC /* HandDetector.swift in Sources */,
				B6D4727B2A608EA60002CEEC /* HandClassification.swift in Sources */,
				B6D472802A60A3BA0002CEEC /* HandClassificationView.swift in Sources */,
				B6C37EF12A39B308004D18A8 /* LemonUIView.swift in Sources */,
				B6D472622A576BB20002CEEC /* Array.swift in Sources */,
				B6D472662A5785210002CEEC /* Strings.swift in Sources */,
				B6C37EF52A39BAB3004D18A8 /* LemonView.swift in Sources */,
				B6D461E32A4D63FA0002CEEC /* DetectorID.swift in Sources */,
				B6D461F32A4E74A00002CEEC /* CGFloat.swift in Sources */,
				B6C37ED42A396D9A004D18A8 /* CGRect.swift in Sources */,
				B6C37E7C2A3524D8004D18A8 /* SpeechRecognizer.swift in Sources */,
				B6D472792A608CA10002CEEC /* HandChirality.swift in Sources */,
				B6D472772A5FCDB20002CEEC /* HandDetector2_70.mlmodel in Sources */,
				B6D4724A2A5719A70002CEEC /* DetectionCompiler.swift in Sources */,
				B6D461EB2A4DDC760002CEEC /* LemonHStack.swift in Sources */,
				B6D472562A57489A0002CEEC /* HandDetectionOutcome.swift in Sources */,
				B6C37E822A3525F4004D18A8 /* AVAudioSession.swift in Sources */,
				B6C37ED12A396B71004D18A8 /* CaptureDelegate.swift in Sources */,
				B67F06592A9BB40C00591789 /* AnswerStatus.swift in Sources */,
				B6DC100E2A6A2A3500C10100 /* Command.swift in Sources */,
				B6C37EE32A399D7E004D18A8 /* TagmataDetection.swift in Sources */,
				B6D4726F2A5962770002CEEC /* CompiledResults.swift in Sources */,
				B6C37EE72A399F30004D18A8 /* Float.swift in Sources */,
				B6C37EE92A399F44004D18A8 /* Double.swift in Sources */,
				B6C37E462A341CF5004D18A8 /* ViewController.swift in Sources */,
				B6D461EF2A4DF11E0002CEEC /* LemonSwitch.swift in Sources */,
				B6C37EF32A39B5BF004D18A8 /* LemonImage.swift in Sources */,
				B67F065D2A9BB44400591789 /* AudioQuestion.swift in Sources */,
				B6C37EDD2A397950004D18A8 /* PredictionBoxView.swift in Sources */,
				B6C37EE52A399EE1004D18A8 /* Math.swift in Sources */,
				B6D4725A2A574BF30002CEEC /* JointPositionsView.swift in Sources */,
				B6DC10132A712CD300C10100 /* AudioPlayer.swift in Sources */,
				B6D461E72A4DD14D0002CEEC /* LemonSlider.swift in Sources */,
				B6D472542A5748710002CEEC /* HandDetection.swift in Sources */,
				B6D461E12A4D63330002CEEC /* TagmataQuadrantDetector.swift in Sources */,
				B6D461CB2A4538CF0002CEEC /* LiveSpeechToTextDelegate.swift in Sources */,
				B6C37EEF2A39B137004D18A8 /* LemonVStack.swift in Sources */,
				B6D472642A5777470002CEEC /* ProximityView.swift in Sources */,
				B6C37E422A341CF5004D18A8 /* AppDelegate.swift in Sources */,
				B6C37E862A353854004D18A8 /* AudioSessionManager.swift in Sources */,
				B6D461D72A4B65EF0002CEEC /* TagmataDetector1_2000.mlmodel in Sources */,
				B6D461DF2A4D61950002CEEC /* CGPoint.swift in Sources */,
				B6C37E792A351CFA004D18A8 /* SpeechSynthesizer.swift in Sources */,
				B6D461F62A4F163A0002CEEC /* Environment.swift in Sources */,
				B6FD174F2A416DBB003EDD5F /* TagmataClassification.swift in Sources */,
				B6C37EDF2A397C9C004D18A8 /* TagmataDetectionDelegate.swift in Sources */,
				B6C37E442A341CF5004D18A8 /* SceneDelegate.swift in Sources */,
				B67F06502A97C11B00591789 /* AudioAction.swift in Sources */,
				B6D472482A5714EB0002CEEC /* WrapsToZero.swift in Sources */,
				B67F06552A97F55700591789 /* QuizMaster.swift in Sources */,
				B6C37EED2A39AF22004D18A8 /* LemonText.swift in Sources */,
				B6D472582A574A800002CEEC /* HandDetectionDelegate.swift in Sources */,
				B6C37ECF2A396B56004D18A8 /* CaptureSession.swift in Sources */,
				B6D461E92A4DDA550002CEEC /* LemonLabelledSlider.swift in Sources */,
				B6D461DB2A4D2AC40002CEEC /* TagmataDetectionOutcome.swift in Sources */,
				B6DC10162A71336300C10100 /* AudioRecorder.swift in Sources */,
				B6D472862A64E6DF0002CEEC /* Angle.swift in Sources */,
				B67F065F2A9BB46700591789 /* VisualQuestion.swift in Sources */,
				B6C37EEB2A39A1B9004D18A8 /* LemonButton.swift in Sources */,
				B6D472712A597D1C0002CEEC /* AnglesView.swift in Sources */,
				B6D461D82A4B65EF0002CEEC /* TagmataDetector4_3910.mlmodel in Sources */,
				B6D461D92A4B65EF0002CEEC /* TagmataDetector4_6000.mlmodel in Sources */,
			);
			runOnlyForDeploymentPostprocessing = 0;
		};
		B6C37E502A341CF7004D18A8 /* Sources */ = {
			isa = PBXSourcesBuildPhase;
			buildActionMask = 2147483647;
			files = (
				B6C37E592A341CF7004D18A8 /* LemonTests.swift in Sources */,
			);
			runOnlyForDeploymentPostprocessing = 0;
		};
		B6C37E5A2A341CF7004D18A8 /* Sources */ = {
			isa = PBXSourcesBuildPhase;
			buildActionMask = 2147483647;
			files = (
				B6C37E652A341CF7004D18A8 /* LemonUITestsLaunchTests.swift in Sources */,
				B6C37E632A341CF7004D18A8 /* LemonUITests.swift in Sources */,
			);
			runOnlyForDeploymentPostprocessing = 0;
		};
/* End PBXSourcesBuildPhase section */

/* Begin PBXTargetDependency section */
		B6C37E562A341CF7004D18A8 /* PBXTargetDependency */ = {
			isa = PBXTargetDependency;
			target = B6C37E3D2A341CF5004D18A8 /* Lemon */;
			targetProxy = B6C37E552A341CF7004D18A8 /* PBXContainerItemProxy */;
		};
		B6C37E602A341CF7004D18A8 /* PBXTargetDependency */ = {
			isa = PBXTargetDependency;
			target = B6C37E3D2A341CF5004D18A8 /* Lemon */;
			targetProxy = B6C37E5F2A341CF7004D18A8 /* PBXContainerItemProxy */;
		};
/* End PBXTargetDependency section */

/* Begin PBXVariantGroup section */
		B6C37E472A341CF5004D18A8 /* Main.storyboard */ = {
			isa = PBXVariantGroup;
			children = (
				B6C37E482A341CF5004D18A8 /* Base */,
			);
			name = Main.storyboard;
			sourceTree = "<group>";
		};
		B6C37E4C2A341CF6004D18A8 /* LaunchScreen.storyboard */ = {
			isa = PBXVariantGroup;
			children = (
				B6C37E4D2A341CF6004D18A8 /* Base */,
			);
			name = LaunchScreen.storyboard;
			sourceTree = "<group>";
		};
/* End PBXVariantGroup section */

/* Begin XCBuildConfiguration section */
		B6C37E662A341CF7004D18A8 /* Debug */ = {
			isa = XCBuildConfiguration;
			buildSettings = {
				ALWAYS_SEARCH_USER_PATHS = NO;
				CLANG_ANALYZER_NONNULL = YES;
				CLANG_ANALYZER_NUMBER_OBJECT_CONVERSION = YES_AGGRESSIVE;
				CLANG_CXX_LANGUAGE_STANDARD = "gnu++20";
				CLANG_ENABLE_MODULES = YES;
				CLANG_ENABLE_OBJC_ARC = YES;
				CLANG_ENABLE_OBJC_WEAK = YES;
				CLANG_WARN_BLOCK_CAPTURE_AUTORELEASING = YES;
				CLANG_WARN_BOOL_CONVERSION = YES;
				CLANG_WARN_COMMA = YES;
				CLANG_WARN_CONSTANT_CONVERSION = YES;
				CLANG_WARN_DEPRECATED_OBJC_IMPLEMENTATIONS = YES;
				CLANG_WARN_DIRECT_OBJC_ISA_USAGE = YES_ERROR;
				CLANG_WARN_DOCUMENTATION_COMMENTS = YES;
				CLANG_WARN_EMPTY_BODY = YES;
				CLANG_WARN_ENUM_CONVERSION = YES;
				CLANG_WARN_INFINITE_RECURSION = YES;
				CLANG_WARN_INT_CONVERSION = YES;
				CLANG_WARN_NON_LITERAL_NULL_CONVERSION = YES;
				CLANG_WARN_OBJC_IMPLICIT_RETAIN_SELF = YES;
				CLANG_WARN_OBJC_LITERAL_CONVERSION = YES;
				CLANG_WARN_OBJC_ROOT_CLASS = YES_ERROR;
				CLANG_WARN_QUOTED_INCLUDE_IN_FRAMEWORK_HEADER = YES;
				CLANG_WARN_RANGE_LOOP_ANALYSIS = YES;
				CLANG_WARN_STRICT_PROTOTYPES = YES;
				CLANG_WARN_SUSPICIOUS_MOVE = YES;
				CLANG_WARN_UNGUARDED_AVAILABILITY = YES_AGGRESSIVE;
				CLANG_WARN_UNREACHABLE_CODE = YES;
				CLANG_WARN__DUPLICATE_METHOD_MATCH = YES;
				COPY_PHASE_STRIP = NO;
				DEBUG_INFORMATION_FORMAT = dwarf;
				ENABLE_STRICT_OBJC_MSGSEND = YES;
				ENABLE_TESTABILITY = YES;
				GCC_C_LANGUAGE_STANDARD = gnu11;
				GCC_DYNAMIC_NO_PIC = NO;
				GCC_NO_COMMON_BLOCKS = YES;
				GCC_OPTIMIZATION_LEVEL = 0;
				GCC_PREPROCESSOR_DEFINITIONS = (
					"DEBUG=1",
					"$(inherited)",
				);
				GCC_WARN_64_TO_32_BIT_CONVERSION = YES;
				GCC_WARN_ABOUT_RETURN_TYPE = YES_ERROR;
				GCC_WARN_UNDECLARED_SELECTOR = YES;
				GCC_WARN_UNINITIALIZED_AUTOS = YES_AGGRESSIVE;
				GCC_WARN_UNUSED_FUNCTION = YES;
				GCC_WARN_UNUSED_VARIABLE = YES;
				IPHONEOS_DEPLOYMENT_TARGET = 15.0;
				MTL_ENABLE_DEBUG_INFO = INCLUDE_SOURCE;
				MTL_FAST_MATH = YES;
				ONLY_ACTIVE_ARCH = YES;
				SDKROOT = iphoneos;
				SWIFT_ACTIVE_COMPILATION_CONDITIONS = DEBUG;
				SWIFT_OPTIMIZATION_LEVEL = "-Onone";
			};
			name = Debug;
		};
		B6C37E672A341CF7004D18A8 /* Release */ = {
			isa = XCBuildConfiguration;
			buildSettings = {
				ALWAYS_SEARCH_USER_PATHS = NO;
				CLANG_ANALYZER_NONNULL = YES;
				CLANG_ANALYZER_NUMBER_OBJECT_CONVERSION = YES_AGGRESSIVE;
				CLANG_CXX_LANGUAGE_STANDARD = "gnu++20";
				CLANG_ENABLE_MODULES = YES;
				CLANG_ENABLE_OBJC_ARC = YES;
				CLANG_ENABLE_OBJC_WEAK = YES;
				CLANG_WARN_BLOCK_CAPTURE_AUTORELEASING = YES;
				CLANG_WARN_BOOL_CONVERSION = YES;
				CLANG_WARN_COMMA = YES;
				CLANG_WARN_CONSTANT_CONVERSION = YES;
				CLANG_WARN_DEPRECATED_OBJC_IMPLEMENTATIONS = YES;
				CLANG_WARN_DIRECT_OBJC_ISA_USAGE = YES_ERROR;
				CLANG_WARN_DOCUMENTATION_COMMENTS = YES;
				CLANG_WARN_EMPTY_BODY = YES;
				CLANG_WARN_ENUM_CONVERSION = YES;
				CLANG_WARN_INFINITE_RECURSION = YES;
				CLANG_WARN_INT_CONVERSION = YES;
				CLANG_WARN_NON_LITERAL_NULL_CONVERSION = YES;
				CLANG_WARN_OBJC_IMPLICIT_RETAIN_SELF = YES;
				CLANG_WARN_OBJC_LITERAL_CONVERSION = YES;
				CLANG_WARN_OBJC_ROOT_CLASS = YES_ERROR;
				CLANG_WARN_QUOTED_INCLUDE_IN_FRAMEWORK_HEADER = YES;
				CLANG_WARN_RANGE_LOOP_ANALYSIS = YES;
				CLANG_WARN_STRICT_PROTOTYPES = YES;
				CLANG_WARN_SUSPICIOUS_MOVE = YES;
				CLANG_WARN_UNGUARDED_AVAILABILITY = YES_AGGRESSIVE;
				CLANG_WARN_UNREACHABLE_CODE = YES;
				CLANG_WARN__DUPLICATE_METHOD_MATCH = YES;
				COPY_PHASE_STRIP = NO;
				DEBUG_INFORMATION_FORMAT = "dwarf-with-dsym";
				ENABLE_NS_ASSERTIONS = NO;
				ENABLE_STRICT_OBJC_MSGSEND = YES;
				GCC_C_LANGUAGE_STANDARD = gnu11;
				GCC_NO_COMMON_BLOCKS = YES;
				GCC_WARN_64_TO_32_BIT_CONVERSION = YES;
				GCC_WARN_ABOUT_RETURN_TYPE = YES_ERROR;
				GCC_WARN_UNDECLARED_SELECTOR = YES;
				GCC_WARN_UNINITIALIZED_AUTOS = YES_AGGRESSIVE;
				GCC_WARN_UNUSED_FUNCTION = YES;
				GCC_WARN_UNUSED_VARIABLE = YES;
				IPHONEOS_DEPLOYMENT_TARGET = 15.0;
				MTL_ENABLE_DEBUG_INFO = NO;
				MTL_FAST_MATH = YES;
				SDKROOT = iphoneos;
				SWIFT_COMPILATION_MODE = wholemodule;
				SWIFT_OPTIMIZATION_LEVEL = "-O";
				VALIDATE_PRODUCT = YES;
			};
			name = Release;
		};
		B6C37E692A341CF7004D18A8 /* Debug */ = {
			isa = XCBuildConfiguration;
			buildSettings = {
				ASSETCATALOG_COMPILER_APPICON_NAME = AppIcon;
				ASSETCATALOG_COMPILER_GLOBAL_ACCENT_COLOR_NAME = AccentColor;
				CODE_SIGN_STYLE = Automatic;
				CURRENT_PROJECT_VERSION = 1;
				DEVELOPMENT_TEAM = 25P4S87VXL;
				GENERATE_INFOPLIST_FILE = YES;
				INFOPLIST_FILE = Lemon/App/Info.plist;
				INFOPLIST_KEY_CFBundleDisplayName = Beesly;
				INFOPLIST_KEY_NSCameraUsageDescription = "We need the camera to see your insect model";
				INFOPLIST_KEY_NSMicrophoneUsageDescription = "We need access to your microphone to hear your commands";
				INFOPLIST_KEY_NSSpeechRecognitionUsageDescription = "We need to transcribe to your voice to recognise commands";
				INFOPLIST_KEY_UIApplicationSupportsIndirectInputEvents = YES;
				INFOPLIST_KEY_UILaunchStoryboardName = LaunchScreen;
				INFOPLIST_KEY_UIMainStoryboardFile = Main;
				INFOPLIST_KEY_UISupportedInterfaceOrientations = UIInterfaceOrientationPortrait;
				LD_RUNPATH_SEARCH_PATHS = (
					"$(inherited)",
					"@executable_path/Frameworks",
				);
				MARKETING_VERSION = 1.0;
				PRODUCT_BUNDLE_IDENTIFIER = qode.wiz;
				PRODUCT_NAME = "$(TARGET_NAME)";
				SWIFT_EMIT_LOC_STRINGS = YES;
				SWIFT_VERSION = 5.0;
				TARGETED_DEVICE_FAMILY = "1,2";
			};
			name = Debug;
		};
		B6C37E6A2A341CF7004D18A8 /* Release */ = {
			isa = XCBuildConfiguration;
			buildSettings = {
				ASSETCATALOG_COMPILER_APPICON_NAME = AppIcon;
				ASSETCATALOG_COMPILER_GLOBAL_ACCENT_COLOR_NAME = AccentColor;
				CODE_SIGN_STYLE = Automatic;
				CURRENT_PROJECT_VERSION = 1;
				DEVELOPMENT_TEAM = 25P4S87VXL;
				GENERATE_INFOPLIST_FILE = YES;
				INFOPLIST_FILE = Lemon/App/Info.plist;
				INFOPLIST_KEY_CFBundleDisplayName = Beesly;
				INFOPLIST_KEY_NSCameraUsageDescription = "We need the camera to see your insect model";
				INFOPLIST_KEY_NSMicrophoneUsageDescription = "We need access to your microphone to hear your commands";
				INFOPLIST_KEY_NSSpeechRecognitionUsageDescription = "We need to transcribe to your voice to recognise commands";
				INFOPLIST_KEY_UIApplicationSupportsIndirectInputEvents = YES;
				INFOPLIST_KEY_UILaunchStoryboardName = LaunchScreen;
				INFOPLIST_KEY_UIMainStoryboardFile = Main;
				INFOPLIST_KEY_UISupportedInterfaceOrientations = UIInterfaceOrientationPortrait;
				LD_RUNPATH_SEARCH_PATHS = (
					"$(inherited)",
					"@executable_path/Frameworks",
				);
				MARKETING_VERSION = 1.0;
				PRODUCT_BUNDLE_IDENTIFIER = qode.wiz;
				PRODUCT_NAME = "$(TARGET_NAME)";
				SWIFT_EMIT_LOC_STRINGS = YES;
				SWIFT_VERSION = 5.0;
				TARGETED_DEVICE_FAMILY = "1,2";
			};
			name = Release;
		};
		B6C37E6C2A341CF7004D18A8 /* Debug */ = {
			isa = XCBuildConfiguration;
			buildSettings = {
				ALWAYS_EMBED_SWIFT_STANDARD_LIBRARIES = YES;
				BUNDLE_LOADER = "$(TEST_HOST)";
				CODE_SIGN_STYLE = Automatic;
				CURRENT_PROJECT_VERSION = 1;
				DEVELOPMENT_TEAM = W9DP42NB5D;
				GENERATE_INFOPLIST_FILE = YES;
				IPHONEOS_DEPLOYMENT_TARGET = 16.4;
				MARKETING_VERSION = 1.0;
				PRODUCT_BUNDLE_IDENTIFIER = andrepham.LemonTests;
				PRODUCT_NAME = "$(TARGET_NAME)";
				SWIFT_EMIT_LOC_STRINGS = NO;
				SWIFT_VERSION = 5.0;
				TARGETED_DEVICE_FAMILY = "1,2";
				TEST_HOST = "$(BUILT_PRODUCTS_DIR)/Lemon.app/$(BUNDLE_EXECUTABLE_FOLDER_PATH)/Lemon";
			};
			name = Debug;
		};
		B6C37E6D2A341CF7004D18A8 /* Release */ = {
			isa = XCBuildConfiguration;
			buildSettings = {
				ALWAYS_EMBED_SWIFT_STANDARD_LIBRARIES = YES;
				BUNDLE_LOADER = "$(TEST_HOST)";
				CODE_SIGN_STYLE = Automatic;
				CURRENT_PROJECT_VERSION = 1;
				DEVELOPMENT_TEAM = W9DP42NB5D;
				GENERATE_INFOPLIST_FILE = YES;
				IPHONEOS_DEPLOYMENT_TARGET = 16.4;
				MARKETING_VERSION = 1.0;
				PRODUCT_BUNDLE_IDENTIFIER = andrepham.LemonTests;
				PRODUCT_NAME = "$(TARGET_NAME)";
				SWIFT_EMIT_LOC_STRINGS = NO;
				SWIFT_VERSION = 5.0;
				TARGETED_DEVICE_FAMILY = "1,2";
				TEST_HOST = "$(BUILT_PRODUCTS_DIR)/Lemon.app/$(BUNDLE_EXECUTABLE_FOLDER_PATH)/Lemon";
			};
			name = Release;
		};
		B6C37E6F2A341CF7004D18A8 /* Debug */ = {
			isa = XCBuildConfiguration;
			buildSettings = {
				ALWAYS_EMBED_SWIFT_STANDARD_LIBRARIES = YES;
				CODE_SIGN_STYLE = Automatic;
				CURRENT_PROJECT_VERSION = 1;
				DEVELOPMENT_TEAM = W9DP42NB5D;
				GENERATE_INFOPLIST_FILE = YES;
				MARKETING_VERSION = 1.0;
				PRODUCT_BUNDLE_IDENTIFIER = andrepham.LemonUITests;
				PRODUCT_NAME = "$(TARGET_NAME)";
				SWIFT_EMIT_LOC_STRINGS = NO;
				SWIFT_VERSION = 5.0;
				TARGETED_DEVICE_FAMILY = "1,2";
				TEST_TARGET_NAME = Lemon;
			};
			name = Debug;
		};
		B6C37E702A341CF7004D18A8 /* Release */ = {
			isa = XCBuildConfiguration;
			buildSettings = {
				ALWAYS_EMBED_SWIFT_STANDARD_LIBRARIES = YES;
				CODE_SIGN_STYLE = Automatic;
				CURRENT_PROJECT_VERSION = 1;
				DEVELOPMENT_TEAM = W9DP42NB5D;
				GENERATE_INFOPLIST_FILE = YES;
				MARKETING_VERSION = 1.0;
				PRODUCT_BUNDLE_IDENTIFIER = andrepham.LemonUITests;
				PRODUCT_NAME = "$(TARGET_NAME)";
				SWIFT_EMIT_LOC_STRINGS = NO;
				SWIFT_VERSION = 5.0;
				TARGETED_DEVICE_FAMILY = "1,2";
				TEST_TARGET_NAME = Lemon;
			};
			name = Release;
		};
/* End XCBuildConfiguration section */

/* Begin XCConfigurationList section */
		B6C37E392A341CF5004D18A8 /* Build configuration list for PBXProject "Lemon" */ = {
			isa = XCConfigurationList;
			buildConfigurations = (
				B6C37E662A341CF7004D18A8 /* Debug */,
				B6C37E672A341CF7004D18A8 /* Release */,
			);
			defaultConfigurationIsVisible = 0;
			defaultConfigurationName = Release;
		};
		B6C37E682A341CF7004D18A8 /* Build configuration list for PBXNativeTarget "Lemon" */ = {
			isa = XCConfigurationList;
			buildConfigurations = (
				B6C37E692A341CF7004D18A8 /* Debug */,
				B6C37E6A2A341CF7004D18A8 /* Release */,
			);
			defaultConfigurationIsVisible = 0;
			defaultConfigurationName = Release;
		};
		B6C37E6B2A341CF7004D18A8 /* Build configuration list for PBXNativeTarget "LemonTests" */ = {
			isa = XCConfigurationList;
			buildConfigurations = (
				B6C37E6C2A341CF7004D18A8 /* Debug */,
				B6C37E6D2A341CF7004D18A8 /* Release */,
			);
			defaultConfigurationIsVisible = 0;
			defaultConfigurationName = Release;
		};
		B6C37E6E2A341CF7004D18A8 /* Build configuration list for PBXNativeTarget "LemonUITests" */ = {
			isa = XCConfigurationList;
			buildConfigurations = (
				B6C37E6F2A341CF7004D18A8 /* Debug */,
				B6C37E702A341CF7004D18A8 /* Release */,
			);
			defaultConfigurationIsVisible = 0;
			defaultConfigurationName = Release;
		};
/* End XCConfigurationList section */
	};
	rootObject = B6C37E362A341CF5004D18A8 /* Project object */;
}
